
Microsoft Visual Studio Solution File, Format Version 12.00
# Visual Studio Version 17
VisualStudioVersion = 17.2.32630.192
MinimumVisualStudioVersion = 10.0.40219.1
Project("{FAE04EC0-301F-11D3-BF4B-00C04F79EFBC}") = "HotelListing.API", "HotelListing.API\HotelListing.API.csproj", "{2486B17E-8816-433F-88A0-43E4EC5DB434}"
EndProject
Global
	GlobalSection(SolutionConfigurationPlatforms) = preSolution
		Debug|Any CPU = Debug|Any CPU
		Release|Any CPU = Release|Any CPU
	EndGlobalSection
	GlobalSection(ProjectConfigurationPlatforms) = postSolution
		{2486B17E-8816-433F-88A0-43E4EC5DB434}.Debug|Any CPU.ActiveCfg = Debug|Any CPU
		{2486B17E-8816-433F-88A0-43E4EC5DB434}.Debug|Any CPU.Build.0 = Debug|Any CPU
		{2486B17E-8816-433F-88A0-43E4EC5DB434}.Release|Any CPU.ActiveCfg = Release|Any CPU
		{2486B17E-8816-433F-88A0-43E4EC5DB434}.Release|Any CPU.Build.0 = Release|Any CPU
	EndGlobalSection
	GlobalSection(SolutionProperties) = preSolution
		HideSolutionNode = FALSE
	EndGlobalSection
	GlobalSection(ExtensibilityGlobals) = postSolution
		SolutionGuid = {36F18136-9E5B-4183-A50A-D2150986C68A}
	EndGlobalSection
EndGlobal
